{
    "name": "html-audio-player",
    "version": "1.0.0",
    "lockfileVersion": 3,
    "requires": true,
    "packages": {
        "": {
            "name": "html-audio-player",
            "version": "1.0.0",
            "license": "ISC",
            "dependencies": {
                "audiomotion-analyzer": "^4.5.4"
            },
            "devDependencies": {
                "typescript": "^5.9.3"
            }
        },
        "node_modules/audiomotion-analyzer": {
            "version": "4.5.4",
            "resolved": "https://registry.npmjs.org/audiomotion-analyzer/-/audiomotion-analyzer-4.5.4.tgz",
            "integrity": "sha512-bBTIFr0VgM764MJN3ATIyKrv2BzGTfQgJugulIHNEIFT0+zbz7lb+2CvFTPvk6n3J06wwWiJBPZFEIt9OSxzfQ==",
            "funding": {
                "type": "Ko-fi",
                "url": "https://ko-fi.com/hvianna"
            }
        },
        "node_modules/typescript": {
            "version": "5.9.3",
            "resolved": "https://registry.npmjs.org/typescript/-/typescript-5.9.3.tgz",
            "integrity": "sha512-jl1vZzPDinLr9eUt3J/t7V6FgNEw9QjvBPdysz9KfQDD41fQrC2Y4vKQdiaUpFT4bXlb1RHhLpp8wtm6M5TgSw==",
            "dev": true,
            "bin": {
                "tsc": "bin/tsc",
                "tsserver": "bin/tsserver"
            },
            "engines": {
                "node": ">=14.17"
            }
        }
    }
}
